{
  "originHash" : "0b12303535515d6d56f51ca24cecb742f97a405f34b58a71e847677000bea4eb",
  "pins" : [
    {
      "identity" : "fff-swift",
      "kind" : "remoteSourceControl",
      "location" : "https://github.com/vmg-dev/fff-swift",
      "state" : {
        "revision" : "c446afc5344acf06b3a90d2262f094cc36c6068e",
        "version" : "0.2.0"
      }
    }
  ],
  "version" : 3
}
