{
  "originHash" : "d09b6290027042f03030e04e135ee9939b910481f1f6c4c5901d1c6414d86201",
  "pins" : [
    {
      "identity" : "fff-swift",
      "kind" : "remoteSourceControl",
      "location" : "https://github.com/vmg-dev/fff-swift",
      "state" : {
        "revision" : "dbc38f5c81f44d0c7bac434f1f247ca01f1dfc9c",
        "version" : "0.2.1"
      }
    }
  ],
  "version" : 3
}
